
Microsoft Visual Studio Solution File, Format Version 12.00
# Visual Studio 15
VisualStudioVersion = 15.0.28010.2016
MinimumVisualStudioVersion = 10.0.40219.1
Project("{FAE04EC0-301F-11D3-BF4B-00C04F79EFBC}") = "ClassAndInstance", "ClassAndInstance\ClassAndInstance.csproj", "{2ABC8F81-08F6-4FD7-8FF3-BCD235F408B6}"
EndProject
Project("{FAE04EC0-301F-11D3-BF4B-00C04F79EFBC}") = "PropertySample", "PropertySample\PropertySample.csproj", "{306C7B2B-8FAA-46A1-A2A0-570F06BB8ACA}"
EndProject
Project("{FAE04EC0-301F-11D3-BF4B-00C04F79EFBC}") = "MethodSample", "MethodSample\MethodSample.csproj", "{9FBC6574-0231-42CE-A8DC-0F062F6E1F3C}"
EndProject
Project("{FAE04EC0-301F-11D3-BF4B-00C04F79EFBC}") = "EventSample", "EventSample\EventSample.csproj", "{FC77BA48-6D3A-4790-9CB8-BB3835C2E388}"
EndProject
Project("{FAE04EC0-301F-11D3-BF4B-00C04F79EFBC}") = "StaticSample", "StaticSample\StaticSample.csproj", "{52725F1F-F213-4832-BB28-9DA792DF11D0}"
EndProject
Project("{FAE04EC0-301F-11D3-BF4B-00C04F79EFBC}") = "Recursion", "Recursion\Recursion.csproj", "{B216AF23-B854-4AF7-B21C-9B56F1AF05DC}"
EndProject
Project("{FAE04EC0-301F-11D3-BF4B-00C04F79EFBC}") = "TypeSample", "TypeSample\TypeSample.csproj", "{B4CE7650-1B49-40CA-8CA7-EB2B28C1EFDD}"
EndProject
Project("{FAE04EC0-301F-11D3-BF4B-00C04F79EFBC}") = "TryCatchSample", "TryCatchSample\TryCatchSample.csproj", "{B3B16C74-F536-44FE-83CB-D8763EF30371}"
EndProject
Project("{FAE04EC0-301F-11D3-BF4B-00C04F79EFBC}") = "ContinueAndBreak", "ContinueAndBreak\ContinueAndBreak.csproj", "{D8840745-C004-46A0-8545-1B2772A49D3C}"
EndProject
Project("{FAE04EC0-301F-11D3-BF4B-00C04F79EFBC}") = "Foreach", "Foreach\Foreach.csproj", "{B699B1EB-2305-4A01-9C3E-B9B8D1FA5DEB}"
EndProject
Project("{FAE04EC0-301F-11D3-BF4B-00C04F79EFBC}") = "ReturnSample", "ReturnSample\ReturnSample.csproj", "{58EEFF48-62DD-4540-B1BC-8300B830BB92}"
EndProject
Project("{FAE04EC0-301F-11D3-BF4B-00C04F79EFBC}") = "FieldSample", "FieldSample\FieldSample.csproj", "{02DA3F44-FA81-4984-A8CE-64AB9DEBDCA9}"
EndProject
Project("{FAE04EC0-301F-11D3-BF4B-00C04F79EFBC}") = "StaticSample2", "StaticSample2\StaticSample2.csproj", "{9D6E0C09-9F35-4ACC-A254-53831E8856F1}"
EndProject
Project("{FAE04EC0-301F-11D3-BF4B-00C04F79EFBC}") = "StaticSample3", "SataicAample3\StaticSample3.csproj", "{0C63337E-50CC-4CEA-B086-00FA79050C9B}"
EndProject
Project("{FAE04EC0-301F-11D3-BF4B-00C04F79EFBC}") = "PropertySample01", "PropertySample01\PropertySample01.csproj", "{29EC7700-BD47-425A-9697-3AB2D15ED24F}"
EndProject
Project("{FAE04EC0-301F-11D3-BF4B-00C04F79EFBC}") = "CanWorkSample", "CanWorkSample\CanWorkSample.csproj", "{97DAF8F4-3C64-48D2-B2C8-F52D71778A15}"
EndProject
Project("{FAE04EC0-301F-11D3-BF4B-00C04F79EFBC}") = "IndexerSample", "IndexerSample\IndexerSample.csproj", "{5CB8DBDE-0505-4D8F-8319-675DE1D904BA}"
EndProject
Global
	GlobalSection(SolutionConfigurationPlatforms) = preSolution
		Debug|Any CPU = Debug|Any CPU
		Release|Any CPU = Release|Any CPU
	EndGlobalSection
	GlobalSection(ProjectConfigurationPlatforms) = postSolution
		{2ABC8F81-08F6-4FD7-8FF3-BCD235F408B6}.Debug|Any CPU.ActiveCfg = Debug|Any CPU
		{2ABC8F81-08F6-4FD7-8FF3-BCD235F408B6}.Debug|Any CPU.Build.0 = Debug|Any CPU
		{2ABC8F81-08F6-4FD7-8FF3-BCD235F408B6}.Release|Any CPU.ActiveCfg = Release|Any CPU
		{2ABC8F81-08F6-4FD7-8FF3-BCD235F408B6}.Release|Any CPU.Build.0 = Release|Any CPU
		{306C7B2B-8FAA-46A1-A2A0-570F06BB8ACA}.Debug|Any CPU.ActiveCfg = Debug|Any CPU
		{306C7B2B-8FAA-46A1-A2A0-570F06BB8ACA}.Debug|Any CPU.Build.0 = Debug|Any CPU
		{306C7B2B-8FAA-46A1-A2A0-570F06BB8ACA}.Release|Any CPU.ActiveCfg = Release|Any CPU
		{306C7B2B-8FAA-46A1-A2A0-570F06BB8ACA}.Release|Any CPU.Build.0 = Release|Any CPU
		{9FBC6574-0231-42CE-A8DC-0F062F6E1F3C}.Debug|Any CPU.ActiveCfg = Debug|Any CPU
		{9FBC6574-0231-42CE-A8DC-0F062F6E1F3C}.Debug|Any CPU.Build.0 = Debug|Any CPU
		{9FBC6574-0231-42CE-A8DC-0F062F6E1F3C}.Release|Any CPU.ActiveCfg = Release|Any CPU
		{9FBC6574-0231-42CE-A8DC-0F062F6E1F3C}.Release|Any CPU.Build.0 = Release|Any CPU
		{FC77BA48-6D3A-4790-9CB8-BB3835C2E388}.Debug|Any CPU.ActiveCfg = Debug|Any CPU
		{FC77BA48-6D3A-4790-9CB8-BB3835C2E388}.Debug|Any CPU.Build.0 = Debug|Any CPU
		{FC77BA48-6D3A-4790-9CB8-BB3835C2E388}.Release|Any CPU.ActiveCfg = Release|Any CPU
		{FC77BA48-6D3A-4790-9CB8-BB3835C2E388}.Release|Any CPU.Build.0 = Release|Any CPU
		{52725F1F-F213-4832-BB28-9DA792DF11D0}.Debug|Any CPU.ActiveCfg = Debug|Any CPU
		{52725F1F-F213-4832-BB28-9DA792DF11D0}.Debug|Any CPU.Build.0 = Debug|Any CPU
		{52725F1F-F213-4832-BB28-9DA792DF11D0}.Release|Any CPU.ActiveCfg = Release|Any CPU
		{52725F1F-F213-4832-BB28-9DA792DF11D0}.Release|Any CPU.Build.0 = Release|Any CPU
		{B216AF23-B854-4AF7-B21C-9B56F1AF05DC}.Debug|Any CPU.ActiveCfg = Debug|Any CPU
		{B216AF23-B854-4AF7-B21C-9B56F1AF05DC}.Debug|Any CPU.Build.0 = Debug|Any CPU
		{B216AF23-B854-4AF7-B21C-9B56F1AF05DC}.Release|Any CPU.ActiveCfg = Release|Any CPU
		{B216AF23-B854-4AF7-B21C-9B56F1AF05DC}.Release|Any CPU.Build.0 = Release|Any CPU
		{B4CE7650-1B49-40CA-8CA7-EB2B28C1EFDD}.Debug|Any CPU.ActiveCfg = Debug|Any CPU
		{B4CE7650-1B49-40CA-8CA7-EB2B28C1EFDD}.Debug|Any CPU.Build.0 = Debug|Any CPU
		{B4CE7650-1B49-40CA-8CA7-EB2B28C1EFDD}.Release|Any CPU.ActiveCfg = Release|Any CPU
		{B4CE7650-1B49-40CA-8CA7-EB2B28C1EFDD}.Release|Any CPU.Build.0 = Release|Any CPU
		{B3B16C74-F536-44FE-83CB-D8763EF30371}.Debug|Any CPU.ActiveCfg = Debug|Any CPU
		{B3B16C74-F536-44FE-83CB-D8763EF30371}.Debug|Any CPU.Build.0 = Debug|Any CPU
		{B3B16C74-F536-44FE-83CB-D8763EF30371}.Release|Any CPU.ActiveCfg = Release|Any CPU
		{B3B16C74-F536-44FE-83CB-D8763EF30371}.Release|Any CPU.Build.0 = Release|Any CPU
		{D8840745-C004-46A0-8545-1B2772A49D3C}.Debug|Any CPU.ActiveCfg = Debug|Any CPU
		{D8840745-C004-46A0-8545-1B2772A49D3C}.Debug|Any CPU.Build.0 = Debug|Any CPU
		{D8840745-C004-46A0-8545-1B2772A49D3C}.Release|Any CPU.ActiveCfg = Release|Any CPU
		{D8840745-C004-46A0-8545-1B2772A49D3C}.Release|Any CPU.Build.0 = Release|Any CPU
		{B699B1EB-2305-4A01-9C3E-B9B8D1FA5DEB}.Debug|Any CPU.ActiveCfg = Debug|Any CPU
		{B699B1EB-2305-4A01-9C3E-B9B8D1FA5DEB}.Debug|Any CPU.Build.0 = Debug|Any CPU
		{B699B1EB-2305-4A01-9C3E-B9B8D1FA5DEB}.Release|Any CPU.ActiveCfg = Release|Any CPU
		{B699B1EB-2305-4A01-9C3E-B9B8D1FA5DEB}.Release|Any CPU.Build.0 = Release|Any CPU
		{58EEFF48-62DD-4540-B1BC-8300B830BB92}.Debug|Any CPU.ActiveCfg = Debug|Any CPU
		{58EEFF48-62DD-4540-B1BC-8300B830BB92}.Debug|Any CPU.Build.0 = Debug|Any CPU
		{58EEFF48-62DD-4540-B1BC-8300B830BB92}.Release|Any CPU.ActiveCfg = Release|Any CPU
		{58EEFF48-62DD-4540-B1BC-8300B830BB92}.Release|Any CPU.Build.0 = Release|Any CPU
		{02DA3F44-FA81-4984-A8CE-64AB9DEBDCA9}.Debug|Any CPU.ActiveCfg = Debug|Any CPU
		{02DA3F44-FA81-4984-A8CE-64AB9DEBDCA9}.Debug|Any CPU.Build.0 = Debug|Any CPU
		{02DA3F44-FA81-4984-A8CE-64AB9DEBDCA9}.Release|Any CPU.ActiveCfg = Release|Any CPU
		{02DA3F44-FA81-4984-A8CE-64AB9DEBDCA9}.Release|Any CPU.Build.0 = Release|Any CPU
		{9D6E0C09-9F35-4ACC-A254-53831E8856F1}.Debug|Any CPU.ActiveCfg = Debug|Any CPU
		{9D6E0C09-9F35-4ACC-A254-53831E8856F1}.Debug|Any CPU.Build.0 = Debug|Any CPU
		{9D6E0C09-9F35-4ACC-A254-53831E8856F1}.Release|Any CPU.ActiveCfg = Release|Any CPU
		{9D6E0C09-9F35-4ACC-A254-53831E8856F1}.Release|Any CPU.Build.0 = Release|Any CPU
		{0C63337E-50CC-4CEA-B086-00FA79050C9B}.Debug|Any CPU.ActiveCfg = Debug|Any CPU
		{0C63337E-50CC-4CEA-B086-00FA79050C9B}.Debug|Any CPU.Build.0 = Debug|Any CPU
		{0C63337E-50CC-4CEA-B086-00FA79050C9B}.Release|Any CPU.ActiveCfg = Release|Any CPU
		{0C63337E-50CC-4CEA-B086-00FA79050C9B}.Release|Any CPU.Build.0 = Release|Any CPU
		{29EC7700-BD47-425A-9697-3AB2D15ED24F}.Debug|Any CPU.ActiveCfg = Debug|Any CPU
		{29EC7700-BD47-425A-9697-3AB2D15ED24F}.Debug|Any CPU.Build.0 = Debug|Any CPU
		{29EC7700-BD47-425A-9697-3AB2D15ED24F}.Release|Any CPU.ActiveCfg = Release|Any CPU
		{29EC7700-BD47-425A-9697-3AB2D15ED24F}.Release|Any CPU.Build.0 = Release|Any CPU
		{97DAF8F4-3C64-48D2-B2C8-F52D71778A15}.Debug|Any CPU.ActiveCfg = Debug|Any CPU
		{97DAF8F4-3C64-48D2-B2C8-F52D71778A15}.Debug|Any CPU.Build.0 = Debug|Any CPU
		{97DAF8F4-3C64-48D2-B2C8-F52D71778A15}.Release|Any CPU.ActiveCfg = Release|Any CPU
		{97DAF8F4-3C64-48D2-B2C8-F52D71778A15}.Release|Any CPU.Build.0 = Release|Any CPU
		{5CB8DBDE-0505-4D8F-8319-675DE1D904BA}.Debug|Any CPU.ActiveCfg = Debug|Any CPU
		{5CB8DBDE-0505-4D8F-8319-675DE1D904BA}.Debug|Any CPU.Build.0 = Debug|Any CPU
		{5CB8DBDE-0505-4D8F-8319-675DE1D904BA}.Release|Any CPU.ActiveCfg = Release|Any CPU
		{5CB8DBDE-0505-4D8F-8319-675DE1D904BA}.Release|Any CPU.Build.0 = Release|Any CPU
	EndGlobalSection
	GlobalSection(SolutionProperties) = preSolution
		HideSolutionNode = FALSE
	EndGlobalSection
	GlobalSection(ExtensibilityGlobals) = postSolution
		SolutionGuid = {0B8CC031-7165-47BF-B1AF-81AFF3B911C2}
	EndGlobalSection
EndGlobal
